// !$*UTF8*$!
{
	archiveVersion = 1;
	classes = {
	};
	objectVersion = 46;
	objects = {

/* Begin PBXBuildFile section */
		4406EFA4181242E100BA102D /* PathFinder.m in Sources */ = {isa = PBXBuildFile; fileRef = 4406EFA3181242E100BA102D /* PathFinder.m */; };
		4406EFA71812477100BA102D /* TDAssetManager.m in Sources */ = {isa = PBXBuildFile; fileRef = 4406EFA61812477100BA102D /* TDAssetManager.m */; };
		4406EFB51812513900BA102D /* JSTileMap.m in Sources */ = {isa = PBXBuildFile; fileRef = 4406EFB41812513900BA102D /* JSTileMap.m */; };
		4406EFB8181253D200BA102D /* LFCGzipUtility.m in Sources */ = {isa = PBXBuildFile; fileRef = 4406EFB7181253D200BA102D /* LFCGzipUtility.m */; };
		4406EFBB181253F900BA102D /* libz.dylib in Frameworks */ = {isa = PBXBuildFile; fileRef = 4406EFBA181253F900BA102D /* libz.dylib */; };
		4406EFBE181257FE00BA102D /* Demo.tmx in Resources */ = {isa = PBXBuildFile; fileRef = 4406EFBD181257FE00BA102D /* Demo.tmx */; };
		4406EFC718125D6700BA102D /* sample.tmx in Resources */ = {isa = PBXBuildFile; fileRef = 4406EFC618125D6700BA102D /* sample.tmx */; };
		4406EFCE18125E5B00BA102D /* cobbleset-64_0.png in Resources */ = {isa = PBXBuildFile; fileRef = 4406EFCB18125E5B00BA102D /* cobbleset-64_0.png */; };
		4406EFCF18125E5B00BA102D /* meta_tiles.png in Resources */ = {isa = PBXBuildFile; fileRef = 4406EFCC18125E5B00BA102D /* meta_tiles.png */; };
		4406EFD018125E5B00BA102D /* tmw_desert_spacing.png in Resources */ = {isa = PBXBuildFile; fileRef = 4406EFCD18125E5B00BA102D /* tmw_desert_spacing.png */; };
		4406EFD3181271F900BA102D /* TDUnit.m in Sources */ = {isa = PBXBuildFile; fileRef = 4406EFD2181271F900BA102D /* TDUnit.m */; };
		4406EFD518135C8200BA102D /* pikachu-32.png in Resources */ = {isa = PBXBuildFile; fileRef = 4406EFD418135C8200BA102D /* pikachu-32.png */; };
		4406EFD81813614D00BA102D /* TDSpawn.m in Sources */ = {isa = PBXBuildFile; fileRef = 4406EFD71813614D00BA102D /* TDSpawn.m */; };
		4406EFE31813621F00BA102D /* TDTMXObject.m in Sources */ = {isa = PBXBuildFile; fileRef = 4406EFE21813621F00BA102D /* TDTMXObject.m */; };
		442967F21815937600BD20BA /* TDCamera.m in Sources */ = {isa = PBXBuildFile; fileRef = 442967F11815937600BD20BA /* TDCamera.m */; };
		44562FB218296F71004F1098 /* TDBaseBuildingAI.m in Sources */ = {isa = PBXBuildFile; fileRef = 44562FB118296F71004F1098 /* TDBaseBuildingAI.m */; };
		4483FF0918276E1100FF4126 /* TDBaseBullet.m in Sources */ = {isa = PBXBuildFile; fileRef = 4483FF0818276E1100FF4126 /* TDBaseBullet.m */; };
		4483FF0D18276E3300FF4126 /* TDArrowBullet.m in Sources */ = {isa = PBXBuildFile; fileRef = 4483FF0C18276E3300FF4126 /* TDArrowBullet.m */; };
		4483FF1118280DE000FF4126 /* TDHealthBar.m in Sources */ = {isa = PBXBuildFile; fileRef = 4483FF1018280DE000FF4126 /* TDHealthBar.m */; };
		44862B58181DD01700DE9C1E /* TDPathFinder.m in Sources */ = {isa = PBXBuildFile; fileRef = 44862B57181DD01700DE9C1E /* TDPathFinder.m */; };
		44A434CF1825F0A20094A374 /* TDPlayer.m in Sources */ = {isa = PBXBuildFile; fileRef = 44A434CE1825F0A20094A374 /* TDPlayer.m */; };
		44A434D2182609300094A374 /* TDHudNode.m in Sources */ = {isa = PBXBuildFile; fileRef = 44A434D1182609300094A374 /* TDHudNode.m */; };
		44A8099E1814D4F7007EB6DA /* TDBaseUnitAI.m in Sources */ = {isa = PBXBuildFile; fileRef = 44A8099D1814D4F7007EB6DA /* TDBaseUnitAI.m */; };
		44F5470E181370AA000459AB /* TDUltimateGoal.m in Sources */ = {isa = PBXBuildFile; fileRef = 44F5470D181370AA000459AB /* TDUltimateGoal.m */; };
		44F547121813D047000459AB /* SKButton.m in Sources */ = {isa = PBXBuildFile; fileRef = 44F547111813D047000459AB /* SKButton.m */; };
		44F547181813D20C000459AB /* greenButton.png in Resources */ = {isa = PBXBuildFile; fileRef = 44F547141813D20C000459AB /* greenButton.png */; };
		44F547191813D20C000459AB /* greenButton@2x.png in Resources */ = {isa = PBXBuildFile; fileRef = 44F547151813D20C000459AB /* greenButton@2x.png */; };
		44F5471A1813D20C000459AB /* greenButtonActivated.png in Resources */ = {isa = PBXBuildFile; fileRef = 44F547161813D20C000459AB /* greenButtonActivated.png */; };
		44F5471B1813D20C000459AB /* greenButtonActivated@2x.png in Resources */ = {isa = PBXBuildFile; fileRef = 44F547171813D20C000459AB /* greenButtonActivated@2x.png */; };
		44F547241813D216000459AB /* redButton.png in Resources */ = {isa = PBXBuildFile; fileRef = 44F5471C1813D216000459AB /* redButton.png */; };
		44F547251813D216000459AB /* redButton@2x.png in Resources */ = {isa = PBXBuildFile; fileRef = 44F5471D1813D216000459AB /* redButton@2x.png */; };
		44F547261813D216000459AB /* redButtonActivated.png in Resources */ = {isa = PBXBuildFile; fileRef = 44F5471E1813D216000459AB /* redButtonActivated.png */; };
		44F547271813D216000459AB /* redButtonActivated@2x.png in Resources */ = {isa = PBXBuildFile; fileRef = 44F5471F1813D216000459AB /* redButtonActivated@2x.png */; };
		44F547281813D216000459AB /* yellowButton.png in Resources */ = {isa = PBXBuildFile; fileRef = 44F547201813D216000459AB /* yellowButton.png */; };
		44F547291813D216000459AB /* yellowButton@2x.png in Resources */ = {isa = PBXBuildFile; fileRef = 44F547211813D216000459AB /* yellowButton@2x.png */; };
		44F5472A1813D216000459AB /* yellowButtonActivated.png in Resources */ = {isa = PBXBuildFile; fileRef = 44F547221813D216000459AB /* yellowButtonActivated.png */; };
		44F5472B1813D216000459AB /* yellowButtonActivated@2x.png in Resources */ = {isa = PBXBuildFile; fileRef = 44F547231813D216000459AB /* yellowButtonActivated@2x.png */; };
		44F5472E1814AA81000459AB /* TDNewGameScene.m in Sources */ = {isa = PBXBuildFile; fileRef = 44F5472D1814AA81000459AB /* TDNewGameScene.m */; };
		44F547311814B941000459AB /* TDTiledMap.m in Sources */ = {isa = PBXBuildFile; fileRef = 44F547301814B941000459AB /* TDTiledMap.m */; };
		44F547351814BD20000459AB /* TDMapCache.m in Sources */ = {isa = PBXBuildFile; fileRef = 44F547341814BD20000459AB /* TDMapCache.m */; };
		44F5473A1814C486000459AB /* TDArtificialIntelligence.m in Sources */ = {isa = PBXBuildFile; fileRef = 44F547391814C486000459AB /* TDArtificialIntelligence.m */; };
		44F5473D1814C4D8000459AB /* TDMapObject.m in Sources */ = {isa = PBXBuildFile; fileRef = 44F5473C1814C4D8000459AB /* TDMapObject.m */; };
		44F547421814CEE2000459AB /* TDSpawnAI.m in Sources */ = {isa = PBXBuildFile; fileRef = 44F547411814CEE2000459AB /* TDSpawnAI.m */; };
		72A6FEEF181A0EC200B74119 /* TDMapSelectorViewController.m in Sources */ = {isa = PBXBuildFile; fileRef = 72A6FEEE181A0EC200B74119 /* TDMapSelectorViewController.m */; };
		72A6FEF1181A112C00B74119 /* TileMap.tmx in Resources */ = {isa = PBXBuildFile; fileRef = 72A6FEF0181A112C00B74119 /* TileMap.tmx */; };
		72B8AC561824B72F0071D0AE /* Circle_Blue.png in Resources */ = {isa = PBXBuildFile; fileRef = 72B8AC521824B72F0071D0AE /* Circle_Blue.png */; };
		72B8AC571824B72F0071D0AE /* Circle_Green.png in Resources */ = {isa = PBXBuildFile; fileRef = 72B8AC531824B72F0071D0AE /* Circle_Green.png */; };
		72B8AC581824B72F0071D0AE /* Circle_Orange.png in Resources */ = {isa = PBXBuildFile; fileRef = 72B8AC541824B72F0071D0AE /* Circle_Orange.png */; };
		72B8AC591824B72F0071D0AE /* Circle_Red.png in Resources */ = {isa = PBXBuildFile; fileRef = 72B8AC551824B72F0071D0AE /* Circle_Red.png */; };
		72B8AC5D1824BE410071D0AE /* TDBaseBuilding.m in Sources */ = {isa = PBXBuildFile; fileRef = 72B8AC5C1824BE410071D0AE /* TDBaseBuilding.m */; };
		72B8AC5F1824BFB50071D0AE /* Tower-Single-Sprite.png in Resources */ = {isa = PBXBuildFile; fileRef = 72B8AC5E1824BFB50071D0AE /* Tower-Single-Sprite.png */; };
		72D99A741811038C00AB5B9D /* Foundation.framework in Frameworks */ = {isa = PBXBuildFile; fileRef = 72D99A731811038C00AB5B9D /* Foundation.framework */; };
		72D99A761811038C00AB5B9D /* CoreGraphics.framework in Frameworks */ = {isa = PBXBuildFile; fileRef = 72D99A751811038C00AB5B9D /* CoreGraphics.framework */; };
		72D99A781811038C00AB5B9D /* UIKit.framework in Frameworks */ = {isa = PBXBuildFile; fileRef = 72D99A771811038C00AB5B9D /* UIKit.framework */; };
		72D99A7A1811038C00AB5B9D /* SpriteKit.framework in Frameworks */ = {isa = PBXBuildFile; fileRef = 72D99A791811038C00AB5B9D /* SpriteKit.framework */; };
		72D99A801811038C00AB5B9D /* InfoPlist.strings in Resources */ = {isa = PBXBuildFile; fileRef = 72D99A7E1811038C00AB5B9D /* InfoPlist.strings */; };
		72D99A821811038C00AB5B9D /* main.m in Sources */ = {isa = PBXBuildFile; fileRef = 72D99A811811038C00AB5B9D /* main.m */; };
		72D99A861811038C00AB5B9D /* TDAppDelegate.m in Sources */ = {isa = PBXBuildFile; fileRef = 72D99A851811038C00AB5B9D /* TDAppDelegate.m */; };
		72D99A891811038C00AB5B9D /* Main.storyboard in Resources */ = {isa = PBXBuildFile; fileRef = 72D99A871811038C00AB5B9D /* Main.storyboard */; };
		72D99A8F1811038C00AB5B9D /* TDViewController.m in Sources */ = {isa = PBXBuildFile; fileRef = 72D99A8E1811038C00AB5B9D /* TDViewController.m */; };
		72D99A941811038C00AB5B9D /* Spaceship.png in Resources */ = {isa = PBXBuildFile; fileRef = 72D99A931811038C00AB5B9D /* Spaceship.png */; };
		72D99A961811038C00AB5B9D /* Images.xcassets in Resources */ = {isa = PBXBuildFile; fileRef = 72D99A951811038C00AB5B9D /* Images.xcassets */; };
		72D99A9D1811038C00AB5B9D /* XCTest.framework in Frameworks */ = {isa = PBXBuildFile; fileRef = 72D99A9C1811038C00AB5B9D /* XCTest.framework */; };
		72D99A9E1811038C00AB5B9D /* Foundation.framework in Frameworks */ = {isa = PBXBuildFile; fileRef = 72D99A731811038C00AB5B9D /* Foundation.framework */; };
		72D99A9F1811038C00AB5B9D /* UIKit.framework in Frameworks */ = {isa = PBXBuildFile; fileRef = 72D99A771811038C00AB5B9D /* UIKit.framework */; };
		72D99AA71811038C00AB5B9D /* InfoPlist.strings in Resources */ = {isa = PBXBuildFile; fileRef = 72D99AA51811038C00AB5B9D /* InfoPlist.strings */; };
		72D99AA91811038C00AB5B9D /* CoopTDTests.m in Sources */ = {isa = PBXBuildFile; fileRef = 72D99AA81811038C00AB5B9D /* CoopTDTests.m */; };
		72EAB2CD181E48A2000C8BF4 /* TDGridNode.m in Sources */ = {isa = PBXBuildFile; fileRef = 72EAB2CC181E48A2000C8BF4 /* TDGridNode.m */; };
/* End PBXBuildFile section */

/* Begin PBXContainerItemProxy section */
		72D99AA01811038C00AB5B9D /* PBXContainerItemProxy */ = {
			isa = PBXContainerItemProxy;
			containerPortal = 72D99A681811038B00AB5B9D /* Project object */;
			proxyType = 1;
			remoteGlobalIDString = 72D99A6F1811038B00AB5B9D;
			remoteInfo = CoopTD;
		};
/* End PBXContainerItemProxy section */

/* Begin PBXFileReference section */
		4406EFA2181242E100BA102D /* PathFinder.h */ = {isa = PBXFileReference; fileEncoding = 4; lastKnownFileType = sourcecode.c.h; path = PathFinder.h; sourceTree = "<group>"; };
		4406EFA3181242E100BA102D /* PathFinder.m */ = {isa = PBXFileReference; fileEncoding = 4; lastKnownFileType = sourcecode.c.objc; path = PathFinder.m; sourceTree = "<group>"; };
		4406EFA51812477100BA102D /* TDAssetManager.h */ = {isa = PBXFileReference; fileEncoding = 4; lastKnownFileType = sourcecode.c.h; path = TDAssetManager.h; sourceTree = "<group>"; };
		4406EFA61812477100BA102D /* TDAssetManager.m */ = {isa = PBXFileReference; fileEncoding = 4; lastKnownFileType = sourcecode.c.objc; path = TDAssetManager.m; sourceTree = "<group>"; };
		4406EFB31812513900BA102D /* JSTileMap.h */ = {isa = PBXFileReference; fileEncoding = 4; lastKnownFileType = sourcecode.c.h; name = JSTileMap.h; path = "3rd-party/JSTileMap/TMXMapSample/JSTileMap.h"; sourceTree = SOURCE_ROOT; };
		4406EFB41812513900BA102D /* JSTileMap.m */ = {isa = PBXFileReference; fileEncoding = 4; lastKnownFileType = sourcecode.c.objc; name = JSTileMap.m; path = "3rd-party/JSTileMap/TMXMapSample/JSTileMap.m"; sourceTree = SOURCE_ROOT; };
		4406EFB6181253D200BA102D /* LFCGzipUtility.h */ = {isa = PBXFileReference; fileEncoding = 4; lastKnownFileType = sourcecode.c.h; name = LFCGzipUtility.h; path = "3rd-party/JSTileMap/LFCGzipUtility.h"; sourceTree = SOURCE_ROOT; };
		4406EFB7181253D200BA102D /* LFCGzipUtility.m */ = {isa = PBXFileReference; fileEncoding = 4; lastKnownFileType = sourcecode.c.objc; name = LFCGzipUtility.m; path = "3rd-party/JSTileMap/LFCGzipUtility.m"; sourceTree = SOURCE_ROOT; };
		4406EFBA181253F900BA102D /* libz.dylib */ = {isa = PBXFileReference; lastKnownFileType = "compiled.mach-o.dylib"; name = libz.dylib; path = usr/lib/libz.dylib; sourceTree = SDKROOT; };
		4406EFBD181257FE00BA102D /* Demo.tmx */ = {isa = PBXFileReference; fileEncoding = 4; lastKnownFileType = text.xml; name = Demo.tmx; path = Resources/Maps/Demo.tmx; sourceTree = "<group>"; };
		4406EFC618125D6700BA102D /* sample.tmx */ = {isa = PBXFileReference; fileEncoding = 4; lastKnownFileType = text.xml; name = sample.tmx; path = Resources/Maps/sample.tmx; sourceTree = "<group>"; };
		4406EFCB18125E5B00BA102D /* cobbleset-64_0.png */ = {isa = PBXFileReference; lastKnownFileType = image.png; name = "cobbleset-64_0.png"; path = "Resources/Maps/cobbleset-64_0.png"; sourceTree = "<group>"; };
		4406EFCC18125E5B00BA102D /* meta_tiles.png */ = {isa = PBXFileReference; lastKnownFileType = image.png; name = meta_tiles.png; path = Resources/Maps/meta_tiles.png; sourceTree = "<group>"; };
		4406EFCD18125E5B00BA102D /* tmw_desert_spacing.png */ = {isa = PBXFileReference; lastKnownFileType = image.png; name = tmw_desert_spacing.png; path = Resources/Maps/tmw_desert_spacing.png; sourceTree = "<group>"; };
		4406EFD1181271F900BA102D /* TDUnit.h */ = {isa = PBXFileReference; fileEncoding = 4; lastKnownFileType = sourcecode.c.h; path = TDUnit.h; sourceTree = "<group>"; };
		4406EFD2181271F900BA102D /* TDUnit.m */ = {isa = PBXFileReference; fileEncoding = 4; lastKnownFileType = sourcecode.c.objc; path = TDUnit.m; sourceTree = "<group>"; };
		4406EFD418135C8200BA102D /* pikachu-32.png */ = {isa = PBXFileReference; lastKnownFileType = image.png; name = "pikachu-32.png"; path = "Resources/images/pikachu-32.png"; sourceTree = "<group>"; };
		4406EFD61813614D00BA102D /* TDSpawn.h */ = {isa = PBXFileReference; fileEncoding = 4; lastKnownFileType = sourcecode.c.h; path = TDSpawn.h; sourceTree = "<group>"; };
		4406EFD71813614D00BA102D /* TDSpawn.m */ = {isa = PBXFileReference; fileEncoding = 4; lastKnownFileType = sourcecode.c.objc; path = TDSpawn.m; sourceTree = "<group>"; };
		4406EFE11813621F00BA102D /* TDTMXObject.h */ = {isa = PBXFileReference; fileEncoding = 4; lastKnownFileType = sourcecode.c.h; path = TDTMXObject.h; sourceTree = "<group>"; };
		4406EFE21813621F00BA102D /* TDTMXObject.m */ = {isa = PBXFileReference; fileEncoding = 4; lastKnownFileType = sourcecode.c.objc; path = TDTMXObject.m; sourceTree = "<group>"; };
		442967F01815937600BD20BA /* TDCamera.h */ = {isa = PBXFileReference; fileEncoding = 4; lastKnownFileType = sourcecode.c.h; path = TDCamera.h; sourceTree = "<group>"; };
		442967F11815937600BD20BA /* TDCamera.m */ = {isa = PBXFileReference; fileEncoding = 4; lastKnownFileType = sourcecode.c.objc; path = TDCamera.m; sourceTree = "<group>"; };
		44562FB018296F71004F1098 /* TDBaseBuildingAI.h */ = {isa = PBXFileReference; fileEncoding = 4; lastKnownFileType = sourcecode.c.h; path = TDBaseBuildingAI.h; sourceTree = "<group>"; };
		44562FB118296F71004F1098 /* TDBaseBuildingAI.m */ = {isa = PBXFileReference; fileEncoding = 4; lastKnownFileType = sourcecode.c.objc; path = TDBaseBuildingAI.m; sourceTree = "<group>"; };
		4483FF0718276E1100FF4126 /* TDBaseBullet.h */ = {isa = PBXFileReference; fileEncoding = 4; lastKnownFileType = sourcecode.c.h; path = TDBaseBullet.h; sourceTree = "<group>"; };
		4483FF0818276E1100FF4126 /* TDBaseBullet.m */ = {isa = PBXFileReference; fileEncoding = 4; lastKnownFileType = sourcecode.c.objc; path = TDBaseBullet.m; sourceTree = "<group>"; };
		4483FF0B18276E3300FF4126 /* TDArrowBullet.h */ = {isa = PBXFileReference; fileEncoding = 4; lastKnownFileType = sourcecode.c.h; path = TDArrowBullet.h; sourceTree = "<group>"; };
		4483FF0C18276E3300FF4126 /* TDArrowBullet.m */ = {isa = PBXFileReference; fileEncoding = 4; lastKnownFileType = sourcecode.c.objc; path = TDArrowBullet.m; sourceTree = "<group>"; };
		4483FF0F18280DE000FF4126 /* TDHealthBar.h */ = {isa = PBXFileReference; fileEncoding = 4; lastKnownFileType = sourcecode.c.h; path = TDHealthBar.h; sourceTree = "<group>"; };
		4483FF1018280DE000FF4126 /* TDHealthBar.m */ = {isa = PBXFileReference; fileEncoding = 4; lastKnownFileType = sourcecode.c.objc; path = TDHealthBar.m; sourceTree = "<group>"; };
		44862B56181DD01700DE9C1E /* TDPathFinder.h */ = {isa = PBXFileReference; fileEncoding = 4; lastKnownFileType = sourcecode.c.h; path = TDPathFinder.h; sourceTree = "<group>"; };
		44862B57181DD01700DE9C1E /* TDPathFinder.m */ = {isa = PBXFileReference; fileEncoding = 4; lastKnownFileType = sourcecode.c.objc; path = TDPathFinder.m; sourceTree = "<group>"; };
		44A434CD1825F0A20094A374 /* TDPlayer.h */ = {isa = PBXFileReference; fileEncoding = 4; lastKnownFileType = sourcecode.c.h; path = TDPlayer.h; sourceTree = "<group>"; };
		44A434CE1825F0A20094A374 /* TDPlayer.m */ = {isa = PBXFileReference; fileEncoding = 4; lastKnownFileType = sourcecode.c.objc; path = TDPlayer.m; sourceTree = "<group>"; };
		44A434D0182609300094A374 /* TDHudNode.h */ = {isa = PBXFileReference; fileEncoding = 4; lastKnownFileType = sourcecode.c.h; path = TDHudNode.h; sourceTree = "<group>"; };
		44A434D1182609300094A374 /* TDHudNode.m */ = {isa = PBXFileReference; fileEncoding = 4; lastKnownFileType = sourcecode.c.objc; path = TDHudNode.m; sourceTree = "<group>"; };
		44A434D31826A9310094A374 /* TDConstants.h */ = {isa = PBXFileReference; fileEncoding = 4; lastKnownFileType = sourcecode.c.h; path = TDConstants.h; sourceTree = "<group>"; };
		44A8099C1814D4F7007EB6DA /* TDBaseUnitAI.h */ = {isa = PBXFileReference; fileEncoding = 4; lastKnownFileType = sourcecode.c.h; path = TDBaseUnitAI.h; sourceTree = "<group>"; };
		44A8099D1814D4F7007EB6DA /* TDBaseUnitAI.m */ = {isa = PBXFileReference; fileEncoding = 4; lastKnownFileType = sourcecode.c.objc; path = TDBaseUnitAI.m; sourceTree = "<group>"; };
		44F5470C181370AA000459AB /* TDUltimateGoal.h */ = {isa = PBXFileReference; fileEncoding = 4; lastKnownFileType = sourcecode.c.h; path = TDUltimateGoal.h; sourceTree = "<group>"; };
		44F5470D181370AA000459AB /* TDUltimateGoal.m */ = {isa = PBXFileReference; fileEncoding = 4; lastKnownFileType = sourcecode.c.objc; path = TDUltimateGoal.m; sourceTree = "<group>"; };
		44F547101813D047000459AB /* SKButton.h */ = {isa = PBXFileReference; fileEncoding = 4; lastKnownFileType = sourcecode.c.h; path = SKButton.h; sourceTree = "<group>"; };
		44F547111813D047000459AB /* SKButton.m */ = {isa = PBXFileReference; fileEncoding = 4; lastKnownFileType = sourcecode.c.objc; path = SKButton.m; sourceTree = "<group>"; };
		44F547141813D20C000459AB /* greenButton.png */ = {isa = PBXFileReference; lastKnownFileType = image.png; path = greenButton.png; sourceTree = "<group>"; };
		44F547151813D20C000459AB /* greenButton@2x.png */ = {isa = PBXFileReference; lastKnownFileType = image.png; path = "greenButton@2x.png"; sourceTree = "<group>"; };
		44F547161813D20C000459AB /* greenButtonActivated.png */ = {isa = PBXFileReference; lastKnownFileType = image.png; path = greenButtonActivated.png; sourceTree = "<group>"; };
		44F547171813D20C000459AB /* greenButtonActivated@2x.png */ = {isa = PBXFileReference; lastKnownFileType = image.png; path = "greenButtonActivated@2x.png"; sourceTree = "<group>"; };
		44F5471C1813D216000459AB /* redButton.png */ = {isa = PBXFileReference; lastKnownFileType = image.png; path = redButton.png; sourceTree = "<group>"; };
		44F5471D1813D216000459AB /* redButton@2x.png */ = {isa = PBXFileReference; lastKnownFileType = image.png; path = "redButton@2x.png"; sourceTree = "<group>"; };
		44F5471E1813D216000459AB /* redButtonActivated.png */ = {isa = PBXFileReference; lastKnownFileType = image.png; path = redButtonActivated.png; sourceTree = "<group>"; };
		44F5471F1813D216000459AB /* redButtonActivated@2x.png */ = {isa = PBXFileReference; lastKnownFileType = image.png; path = "redButtonActivated@2x.png"; sourceTree = "<group>"; };
		44F547201813D216000459AB /* yellowButton.png */ = {isa = PBXFileReference; lastKnownFileType = image.png; path = yellowButton.png; sourceTree = "<group>"; };
		44F547211813D216000459AB /* yellowButton@2x.png */ = {isa = PBXFileReference; lastKnownFileType = image.png; path = "yellowButton@2x.png"; sourceTree = "<group>"; };
		44F547221813D216000459AB /* yellowButtonActivated.png */ = {isa = PBXFileReference; lastKnownFileType = image.png; path = yellowButtonActivated.png; sourceTree = "<group>"; };
		44F547231813D216000459AB /* yellowButtonActivated@2x.png */ = {isa = PBXFileReference; lastKnownFileType = image.png; path = "yellowButtonActivated@2x.png"; sourceTree = "<group>"; };
		44F5472C1814AA81000459AB /* TDNewGameScene.h */ = {isa = PBXFileReference; fileEncoding = 4; lastKnownFileType = sourcecode.c.h; path = TDNewGameScene.h; sourceTree = "<group>"; };
		44F5472D1814AA81000459AB /* TDNewGameScene.m */ = {isa = PBXFileReference; fileEncoding = 4; lastKnownFileType = sourcecode.c.objc; path = TDNewGameScene.m; sourceTree = "<group>"; };
		44F5472F1814B941000459AB /* TDTiledMap.h */ = {isa = PBXFileReference; fileEncoding = 4; lastKnownFileType = sourcecode.c.h; path = TDTiledMap.h; sourceTree = "<group>"; };
		44F547301814B941000459AB /* TDTiledMap.m */ = {isa = PBXFileReference; fileEncoding = 4; lastKnownFileType = sourcecode.c.objc; path = TDTiledMap.m; sourceTree = "<group>"; };
		44F547331814BD20000459AB /* TDMapCache.h */ = {isa = PBXFileReference; fileEncoding = 4; lastKnownFileType = sourcecode.c.h; path = TDMapCache.h; sourceTree = "<group>"; };
		44F547341814BD20000459AB /* TDMapCache.m */ = {isa = PBXFileReference; fileEncoding = 4; lastKnownFileType = sourcecode.c.objc; path = TDMapCache.m; sourceTree = "<group>"; };
		44F547381814C486000459AB /* TDArtificialIntelligence.h */ = {isa = PBXFileReference; fileEncoding = 4; lastKnownFileType = sourcecode.c.h; path = TDArtificialIntelligence.h; sourceTree = "<group>"; };
		44F547391814C486000459AB /* TDArtificialIntelligence.m */ = {isa = PBXFileReference; fileEncoding = 4; lastKnownFileType = sourcecode.c.objc; path = TDArtificialIntelligence.m; sourceTree = "<group>"; };
		44F5473B1814C4D8000459AB /* TDMapObject.h */ = {isa = PBXFileReference; fileEncoding = 4; lastKnownFileType = sourcecode.c.h; path = TDMapObject.h; sourceTree = "<group>"; };
		44F5473C1814C4D8000459AB /* TDMapObject.m */ = {isa = PBXFileReference; fileEncoding = 4; lastKnownFileType = sourcecode.c.objc; path = TDMapObject.m; sourceTree = "<group>"; };
		44F547401814CEE2000459AB /* TDSpawnAI.h */ = {isa = PBXFileReference; fileEncoding = 4; lastKnownFileType = sourcecode.c.h; path = TDSpawnAI.h; sourceTree = "<group>"; };
		44F547411814CEE2000459AB /* TDSpawnAI.m */ = {isa = PBXFileReference; fileEncoding = 4; lastKnownFileType = sourcecode.c.objc; path = TDSpawnAI.m; sourceTree = "<group>"; };
		72A6FEED181A0EC200B74119 /* TDMapSelectorViewController.h */ = {isa = PBXFileReference; fileEncoding = 4; lastKnownFileType = sourcecode.c.h; path = TDMapSelectorViewController.h; sourceTree = "<group>"; };
		72A6FEEE181A0EC200B74119 /* TDMapSelectorViewController.m */ = {isa = PBXFileReference; fileEncoding = 4; lastKnownFileType = sourcecode.c.objc; path = TDMapSelectorViewController.m; sourceTree = "<group>"; };
		72A6FEF0181A112C00B74119 /* TileMap.tmx */ = {isa = PBXFileReference; fileEncoding = 4; lastKnownFileType = text.xml; name = TileMap.tmx; path = Resources/Maps/TileMap.tmx; sourceTree = "<group>"; };
		72B8AC521824B72F0071D0AE /* Circle_Blue.png */ = {isa = PBXFileReference; lastKnownFileType = image.png; name = Circle_Blue.png; path = Resources/HUD/Circle_Blue.png; sourceTree = "<group>"; };
		72B8AC531824B72F0071D0AE /* Circle_Green.png */ = {isa = PBXFileReference; lastKnownFileType = image.png; name = Circle_Green.png; path = Resources/HUD/Circle_Green.png; sourceTree = "<group>"; };
		72B8AC541824B72F0071D0AE /* Circle_Orange.png */ = {isa = PBXFileReference; lastKnownFileType = image.png; name = Circle_Orange.png; path = Resources/HUD/Circle_Orange.png; sourceTree = "<group>"; };
		72B8AC551824B72F0071D0AE /* Circle_Red.png */ = {isa = PBXFileReference; lastKnownFileType = image.png; name = Circle_Red.png; path = Resources/HUD/Circle_Red.png; sourceTree = "<group>"; };
		72B8AC5B1824BE410071D0AE /* TDBaseBuilding.h */ = {isa = PBXFileReference; fileEncoding = 4; lastKnownFileType = sourcecode.c.h; path = TDBaseBuilding.h; sourceTree = "<group>"; };
		72B8AC5C1824BE410071D0AE /* TDBaseBuilding.m */ = {isa = PBXFileReference; fileEncoding = 4; lastKnownFileType = sourcecode.c.objc; path = TDBaseBuilding.m; sourceTree = "<group>"; };
		72B8AC5E1824BFB50071D0AE /* Tower-Single-Sprite.png */ = {isa = PBXFileReference; lastKnownFileType = image.png; name = "Tower-Single-Sprite.png"; path = "Resources/images/Tower-Single-Sprite.png"; sourceTree = "<group>"; };
		72D99A701811038B00AB5B9D /* CoopTD.app */ = {isa = PBXFileReference; explicitFileType = wrapper.application; includeInIndex = 0; path = CoopTD.app; sourceTree = BUILT_PRODUCTS_DIR; };
		72D99A731811038C00AB5B9D /* Foundation.framework */ = {isa = PBXFileReference; lastKnownFileType = wrapper.framework; name = Foundation.framework; path = System/Library/Frameworks/Foundation.framework; sourceTree = SDKROOT; };
		72D99A751811038C00AB5B9D /* CoreGraphics.framework */ = {isa = PBXFileReference; lastKnownFileType = wrapper.framework; name = CoreGraphics.framework; path = System/Library/Frameworks/CoreGraphics.framework; sourceTree = SDKROOT; };
		72D99A771811038C00AB5B9D /* UIKit.framework */ = {isa = PBXFileReference; lastKnownFileType = wrapper.framework; name = UIKit.framework; path = System/Library/Frameworks/UIKit.framework; sourceTree = SDKROOT; };
		72D99A791811038C00AB5B9D /* SpriteKit.framework */ = {isa = PBXFileReference; lastKnownFileType = wrapper.framework; name = SpriteKit.framework; path = System/Library/Frameworks/SpriteKit.framework; sourceTree = SDKROOT; };
		72D99A7D1811038C00AB5B9D /* CoopTD-Info.plist */ = {isa = PBXFileReference; lastKnownFileType = text.plist.xml; path = "CoopTD-Info.plist"; sourceTree = "<group>"; };
		72D99A7F1811038C00AB5B9D /* en */ = {isa = PBXFileReference; lastKnownFileType = text.plist.strings; name = en; path = en.lproj/InfoPlist.strings; sourceTree = "<group>"; };
		72D99A811811038C00AB5B9D /* main.m */ = {isa = PBXFileReference; lastKnownFileType = sourcecode.c.objc; path = main.m; sourceTree = "<group>"; };
		72D99A831811038C00AB5B9D /* CoopTD-Prefix.pch */ = {isa = PBXFileReference; lastKnownFileType = sourcecode.c.h; path = "CoopTD-Prefix.pch"; sourceTree = "<group>"; };
		72D99A841811038C00AB5B9D /* TDAppDelegate.h */ = {isa = PBXFileReference; lastKnownFileType = sourcecode.c.h; path = TDAppDelegate.h; sourceTree = "<group>"; };
		72D99A851811038C00AB5B9D /* TDAppDelegate.m */ = {isa = PBXFileReference; lastKnownFileType = sourcecode.c.objc; path = TDAppDelegate.m; sourceTree = "<group>"; };
		72D99A881811038C00AB5B9D /* Base */ = {isa = PBXFileReference; lastKnownFileType = file.storyboard; name = Base; path = Base.lproj/Main.storyboard; sourceTree = "<group>"; };
		72D99A8D1811038C00AB5B9D /* TDViewController.h */ = {isa = PBXFileReference; lastKnownFileType = sourcecode.c.h; path = TDViewController.h; sourceTree = "<group>"; };
		72D99A8E1811038C00AB5B9D /* TDViewController.m */ = {isa = PBXFileReference; lastKnownFileType = sourcecode.c.objc; path = TDViewController.m; sourceTree = "<group>"; };
		72D99A931811038C00AB5B9D /* Spaceship.png */ = {isa = PBXFileReference; lastKnownFileType = image.png; path = Spaceship.png; sourceTree = "<group>"; };
		72D99A951811038C00AB5B9D /* Images.xcassets */ = {isa = PBXFileReference; lastKnownFileType = folder.assetcatalog; path = Images.xcassets; sourceTree = "<group>"; };
		72D99A9B1811038C00AB5B9D /* CoopTDTests.xctest */ = {isa = PBXFileReference; explicitFileType = wrapper.cfbundle; includeInIndex = 0; path = CoopTDTests.xctest; sourceTree = BUILT_PRODUCTS_DIR; };
		72D99A9C1811038C00AB5B9D /* XCTest.framework */ = {isa = PBXFileReference; lastKnownFileType = wrapper.framework; name = XCTest.framework; path = Library/Frameworks/XCTest.framework; sourceTree = DEVELOPER_DIR; };
		72D99AA41811038C00AB5B9D /* CoopTDTests-Info.plist */ = {isa = PBXFileReference; lastKnownFileType = text.plist.xml; path = "CoopTDTests-Info.plist"; sourceTree = "<group>"; };
		72D99AA61811038C00AB5B9D /* en */ = {isa = PBXFileReference; lastKnownFileType = text.plist.strings; name = en; path = en.lproj/InfoPlist.strings; sourceTree = "<group>"; };
		72D99AA81811038C00AB5B9D /* CoopTDTests.m */ = {isa = PBXFileReference; lastKnownFileType = sourcecode.c.objc; path = CoopTDTests.m; sourceTree = "<group>"; };
		72EAB2CB181E48A2000C8BF4 /* TDGridNode.h */ = {isa = PBXFileReference; fileEncoding = 4; lastKnownFileType = sourcecode.c.h; path = TDGridNode.h; sourceTree = "<group>"; };
		72EAB2CC181E48A2000C8BF4 /* TDGridNode.m */ = {isa = PBXFileReference; fileEncoding = 4; lastKnownFileType = sourcecode.c.objc; path = TDGridNode.m; sourceTree = "<group>"; };
/* End PBXFileReference section */

/* Begin PBXFrameworksBuildPhase section */
		72D99A6D1811038B00AB5B9D /* Frameworks */ = {
			isa = PBXFrameworksBuildPhase;
			buildActionMask = 2147483647;
			files = (
				4406EFBB181253F900BA102D /* libz.dylib in Frameworks */,
				72D99A761811038C00AB5B9D /* CoreGraphics.framework in Frameworks */,
				72D99A781811038C00AB5B9D /* UIKit.framework in Frameworks */,
				72D99A7A1811038C00AB5B9D /* SpriteKit.framework in Frameworks */,
				72D99A741811038C00AB5B9D /* Foundation.framework in Frameworks */,
			);
			runOnlyForDeploymentPostprocessing = 0;
		};
		72D99A981811038C00AB5B9D /* Frameworks */ = {
			isa = PBXFrameworksBuildPhase;
			buildActionMask = 2147483647;
			files = (
				72D99A9D1811038C00AB5B9D /* XCTest.framework in Frameworks */,
				72D99A9F1811038C00AB5B9D /* UIKit.framework in Frameworks */,
				72D99A9E1811038C00AB5B9D /* Foundation.framework in Frameworks */,
			);
			runOnlyForDeploymentPostprocessing = 0;
		};
/* End PBXFrameworksBuildPhase section */

/* Begin PBXGroup section */
		4406EF991812426200BA102D /* Root */ = {
			isa = PBXGroup;
			children = (
				72D99A871811038C00AB5B9D /* Main.storyboard */,
				72D99A8D1811038C00AB5B9D /* TDViewController.h */,
				72D99A8E1811038C00AB5B9D /* TDViewController.m */,
				72A6FEED181A0EC200B74119 /* TDMapSelectorViewController.h */,
				72A6FEEE181A0EC200B74119 /* TDMapSelectorViewController.m */,
			);
			name = Root;
			sourceTree = "<group>";
		};
		4406EF9A1812427400BA102D /* Scenes */ = {
			isa = PBXGroup;
			children = (
				72EAB2CA181E488E000C8BF4 /* Major nodes */,
				44F5472C1814AA81000459AB /* TDNewGameScene.h */,
				44F5472D1814AA81000459AB /* TDNewGameScene.m */,
			);
			name = Scenes;
			sourceTree = "<group>";
		};
		4406EF9B1812428600BA102D /* Resources */ = {
			isa = PBXGroup;
			children = (
				4406EFCA18125E5200BA102D /* Tilesets */,
				4406EFBC181257F000BA102D /* Maps */,
				4406EF9C1812428D00BA102D /* Images */,
			);
			name = Resources;
			sourceTree = "<group>";
		};
		4406EF9C1812428D00BA102D /* Images */ = {
			isa = PBXGroup;
			children = (
				72B8AC5E1824BFB50071D0AE /* Tower-Single-Sprite.png */,
				44F547131813D201000459AB /* HUD */,
				4406EFD418135C8200BA102D /* pikachu-32.png */,
				72D99A931811038C00AB5B9D /* Spaceship.png */,
			);
			name = Images;
			sourceTree = "<group>";
		};
		4406EF9D1812429D00BA102D /* Model */ = {
			isa = PBXGroup;
			children = (
				44A434D31826A9310094A374 /* TDConstants.h */,
				4406EFD91813617400BA102D /* Abstract */,
				44F547371814C466000459AB /* AI */,
				72B8AC5A1824BE260071D0AE /* Buildings */,
				4483FF0A18276E1500FF4126 /* Bullets */,
				4483FF0E18280DC700FF4126 /* Components */,
				44F547361814C44E000459AB /* Enemies */,
				44F5473E1814C542000459AB /* Objects from TMX files */,
				44A434CC1825F0950094A374 /* Player */,
				44F5472F1814B941000459AB /* TDTiledMap.h */,
				44F547301814B941000459AB /* TDTiledMap.m */,
				442967F01815937600BD20BA /* TDCamera.h */,
				442967F11815937600BD20BA /* TDCamera.m */,
				44862B56181DD01700DE9C1E /* TDPathFinder.h */,
				44862B57181DD01700DE9C1E /* TDPathFinder.m */,
			);
			name = Model;
			sourceTree = "<group>";
		};
		4406EF9E181242A400BA102D /* Libraries */ = {
			isa = PBXGroup;
			children = (
				4406EFB21812510A00BA102D /* Homemade */,
				4406EFB11812510300BA102D /* External */,
			);
			name = Libraries;
			sourceTree = "<group>";
		};
		4406EFB11812510300BA102D /* External */ = {
			isa = PBXGroup;
			children = (
				44F5470F1813D035000459AB /* SKButton */,
				4406EFB9181253D600BA102D /* JSFileMap */,
			);
			name = External;
			sourceTree = "<group>";
		};
		4406EFB21812510A00BA102D /* Homemade */ = {
			isa = PBXGroup;
			children = (
				4406EFA2181242E100BA102D /* PathFinder.h */,
				4406EFA3181242E100BA102D /* PathFinder.m */,
				4406EFA51812477100BA102D /* TDAssetManager.h */,
				4406EFA61812477100BA102D /* TDAssetManager.m */,
			);
			name = Homemade;
			sourceTree = "<group>";
		};
		4406EFB9181253D600BA102D /* JSFileMap */ = {
			isa = PBXGroup;
			children = (
				4406EFB6181253D200BA102D /* LFCGzipUtility.h */,
				4406EFB7181253D200BA102D /* LFCGzipUtility.m */,
				4406EFB31812513900BA102D /* JSTileMap.h */,
				4406EFB41812513900BA102D /* JSTileMap.m */,
			);
			name = JSFileMap;
			sourceTree = "<group>";
		};
		4406EFBC181257F000BA102D /* Maps */ = {
			isa = PBXGroup;
			children = (
				72A6FEF0181A112C00B74119 /* TileMap.tmx */,
				4406EFC618125D6700BA102D /* sample.tmx */,
				4406EFBD181257FE00BA102D /* Demo.tmx */,
			);
			name = Maps;
			sourceTree = "<group>";
		};
		4406EFCA18125E5200BA102D /* Tilesets */ = {
			isa = PBXGroup;
			children = (
				4406EFCB18125E5B00BA102D /* cobbleset-64_0.png */,
				4406EFCC18125E5B00BA102D /* meta_tiles.png */,
				4406EFCD18125E5B00BA102D /* tmw_desert_spacing.png */,
			);
			name = Tilesets;
			sourceTree = "<group>";
		};
		4406EFD91813617400BA102D /* Abstract */ = {
			isa = PBXGroup;
			children = (
				4483FF0718276E1100FF4126 /* TDBaseBullet.h */,
				4483FF0818276E1100FF4126 /* TDBaseBullet.m */,
				4406EFE11813621F00BA102D /* TDTMXObject.h */,
				4406EFE21813621F00BA102D /* TDTMXObject.m */,
				44F5473B1814C4D8000459AB /* TDMapObject.h */,
				44F5473C1814C4D8000459AB /* TDMapObject.m */,
				44F547381814C486000459AB /* TDArtificialIntelligence.h */,
				44F547391814C486000459AB /* TDArtificialIntelligence.m */,
			);
			name = Abstract;
			sourceTree = "<group>";
		};
		4483FF0A18276E1500FF4126 /* Bullets */ = {
			isa = PBXGroup;
			children = (
				4483FF0B18276E3300FF4126 /* TDArrowBullet.h */,
				4483FF0C18276E3300FF4126 /* TDArrowBullet.m */,
			);
			name = Bullets;
			sourceTree = "<group>";
		};
		4483FF0E18280DC700FF4126 /* Components */ = {
			isa = PBXGroup;
			children = (
				4483FF0F18280DE000FF4126 /* TDHealthBar.h */,
				4483FF1018280DE000FF4126 /* TDHealthBar.m */,
			);
			name = Components;
			sourceTree = "<group>";
		};
		44A434CC1825F0950094A374 /* Player */ = {
			isa = PBXGroup;
			children = (
				44A434CD1825F0A20094A374 /* TDPlayer.h */,
				44A434CE1825F0A20094A374 /* TDPlayer.m */,
			);
			name = Player;
			sourceTree = "<group>";
		};
		44F5470F1813D035000459AB /* SKButton */ = {
			isa = PBXGroup;
			children = (
				44F547101813D047000459AB /* SKButton.h */,
				44F547111813D047000459AB /* SKButton.m */,
			);
			name = SKButton;
			sourceTree = "<group>";
		};
		44F547131813D201000459AB /* HUD */ = {
			isa = PBXGroup;
			children = (
				72B8AC511824B71D0071D0AE /* circle buttons */,
				72B8AC501824B70C0071D0AE /* old squared buttons */,
			);
			name = HUD;
			sourceTree = "<group>";
		};
		44F547321814BD0D000459AB /* Caches */ = {
			isa = PBXGroup;
			children = (
				44F547331814BD20000459AB /* TDMapCache.h */,
				44F547341814BD20000459AB /* TDMapCache.m */,
			);
			name = Caches;
			sourceTree = "<group>";
		};
		44F547361814C44E000459AB /* Enemies */ = {
			isa = PBXGroup;
			children = (
				4406EFD1181271F900BA102D /* TDUnit.h */,
				4406EFD2181271F900BA102D /* TDUnit.m */,
			);
			name = Enemies;
			sourceTree = "<group>";
		};
		44F547371814C466000459AB /* AI */ = {
			isa = PBXGroup;
			children = (
				44F547401814CEE2000459AB /* TDSpawnAI.h */,
				44F547411814CEE2000459AB /* TDSpawnAI.m */,
				44A8099C1814D4F7007EB6DA /* TDBaseUnitAI.h */,
				44A8099D1814D4F7007EB6DA /* TDBaseUnitAI.m */,
				44562FB018296F71004F1098 /* TDBaseBuildingAI.h */,
				44562FB118296F71004F1098 /* TDBaseBuildingAI.m */,
			);
			name = AI;
			sourceTree = "<group>";
		};
		44F5473E1814C542000459AB /* Objects from TMX files */ = {
			isa = PBXGroup;
			children = (
				4406EFD61813614D00BA102D /* TDSpawn.h */,
				4406EFD71813614D00BA102D /* TDSpawn.m */,
				44F5470C181370AA000459AB /* TDUltimateGoal.h */,
				44F5470D181370AA000459AB /* TDUltimateGoal.m */,
			);
			name = "Objects from TMX files";
			sourceTree = "<group>";
		};
		72B8AC501824B70C0071D0AE /* old squared buttons */ = {
			isa = PBXGroup;
			children = (
				44F5471C1813D216000459AB /* redButton.png */,
				44F5471D1813D216000459AB /* redButton@2x.png */,
				44F5471E1813D216000459AB /* redButtonActivated.png */,
				44F5471F1813D216000459AB /* redButtonActivated@2x.png */,
				44F547201813D216000459AB /* yellowButton.png */,
				44F547211813D216000459AB /* yellowButton@2x.png */,
				44F547221813D216000459AB /* yellowButtonActivated.png */,
				44F547231813D216000459AB /* yellowButtonActivated@2x.png */,
				44F547141813D20C000459AB /* greenButton.png */,
				44F547151813D20C000459AB /* greenButton@2x.png */,
				44F547161813D20C000459AB /* greenButtonActivated.png */,
				44F547171813D20C000459AB /* greenButtonActivated@2x.png */,
			);
			name = "old squared buttons";
			sourceTree = "<group>";
		};
		72B8AC511824B71D0071D0AE /* circle buttons */ = {
			isa = PBXGroup;
			children = (
				72B8AC521824B72F0071D0AE /* Circle_Blue.png */,
				72B8AC531824B72F0071D0AE /* Circle_Green.png */,
				72B8AC541824B72F0071D0AE /* Circle_Orange.png */,
				72B8AC551824B72F0071D0AE /* Circle_Red.png */,
			);
			name = "circle buttons";
			sourceTree = "<group>";
		};
		72B8AC5A1824BE260071D0AE /* Buildings */ = {
			isa = PBXGroup;
			children = (
				72B8AC5B1824BE410071D0AE /* TDBaseBuilding.h */,
				72B8AC5C1824BE410071D0AE /* TDBaseBuilding.m */,
			);
			name = Buildings;
			sourceTree = "<group>";
		};
		72D99A671811038B00AB5B9D = {
			isa = PBXGroup;
			children = (
				72D99A7B1811038C00AB5B9D /* CoopTD */,
				72D99AA21811038C00AB5B9D /* CoopTDTests */,
				72D99A721811038C00AB5B9D /* Frameworks */,
				72D99A711811038C00AB5B9D /* Products */,
			);
			sourceTree = "<group>";
		};
		72D99A711811038C00AB5B9D /* Products */ = {
			isa = PBXGroup;
			children = (
				72D99A701811038B00AB5B9D /* CoopTD.app */,
				72D99A9B1811038C00AB5B9D /* CoopTDTests.xctest */,
			);
			name = Products;
			sourceTree = "<group>";
		};
		72D99A721811038C00AB5B9D /* Frameworks */ = {
			isa = PBXGroup;
			children = (
				4406EFBA181253F900BA102D /* libz.dylib */,
				72D99A731811038C00AB5B9D /* Foundation.framework */,
				72D99A751811038C00AB5B9D /* CoreGraphics.framework */,
				72D99A771811038C00AB5B9D /* UIKit.framework */,
				72D99A791811038C00AB5B9D /* SpriteKit.framework */,
				72D99A9C1811038C00AB5B9D /* XCTest.framework */,
			);
			name = Frameworks;
			sourceTree = "<group>";
		};
		72D99A7B1811038C00AB5B9D /* CoopTD */ = {
			isa = PBXGroup;
			children = (
				44F547321814BD0D000459AB /* Caches */,
				4406EF9E181242A400BA102D /* Libraries */,
				4406EF9D1812429D00BA102D /* Model */,
				4406EF9B1812428600BA102D /* Resources */,
				4406EF9A1812427400BA102D /* Scenes */,
				4406EF991812426200BA102D /* Root */,
				72D99A841811038C00AB5B9D /* TDAppDelegate.h */,
				72D99A851811038C00AB5B9D /* TDAppDelegate.m */,
				72D99A951811038C00AB5B9D /* Images.xcassets */,
				72D99A7C1811038C00AB5B9D /* Supporting Files */,
			);
			path = CoopTD;
			sourceTree = "<group>";
		};
		72D99A7C1811038C00AB5B9D /* Supporting Files */ = {
			isa = PBXGroup;
			children = (
				72D99A7D1811038C00AB5B9D /* CoopTD-Info.plist */,
				72D99A7E1811038C00AB5B9D /* InfoPlist.strings */,
				72D99A811811038C00AB5B9D /* main.m */,
				72D99A831811038C00AB5B9D /* CoopTD-Prefix.pch */,
			);
			name = "Supporting Files";
			sourceTree = "<group>";
		};
		72D99AA21811038C00AB5B9D /* CoopTDTests */ = {
			isa = PBXGroup;
			children = (
				72D99AA81811038C00AB5B9D /* CoopTDTests.m */,
				72D99AA31811038C00AB5B9D /* Supporting Files */,
			);
			path = CoopTDTests;
			sourceTree = "<group>";
		};
		72D99AA31811038C00AB5B9D /* Supporting Files */ = {
			isa = PBXGroup;
			children = (
				72D99AA41811038C00AB5B9D /* CoopTDTests-Info.plist */,
				72D99AA51811038C00AB5B9D /* InfoPlist.strings */,
			);
			name = "Supporting Files";
			sourceTree = "<group>";
		};
		72EAB2CA181E488E000C8BF4 /* Major nodes */ = {
			isa = PBXGroup;
			children = (
				72EAB2CB181E48A2000C8BF4 /* TDGridNode.h */,
				72EAB2CC181E48A2000C8BF4 /* TDGridNode.m */,
				44A434D0182609300094A374 /* TDHudNode.h */,
				44A434D1182609300094A374 /* TDHudNode.m */,
			);
			name = "Major nodes";
			sourceTree = "<group>";
		};
/* End PBXGroup section */

/* Begin PBXNativeTarget section */
		72D99A6F1811038B00AB5B9D /* CoopTD */ = {
			isa = PBXNativeTarget;
			buildConfigurationList = 72D99AAC1811038C00AB5B9D /* Build configuration list for PBXNativeTarget "CoopTD" */;
			buildPhases = (
				72D99A6C1811038B00AB5B9D /* Sources */,
				72D99A6D1811038B00AB5B9D /* Frameworks */,
				72D99A6E1811038B00AB5B9D /* Resources */,
			);
			buildRules = (
			);
			dependencies = (
			);
			name = CoopTD;
			productName = CoopTD;
			productReference = 72D99A701811038B00AB5B9D /* CoopTD.app */;
			productType = "com.apple.product-type.application";
		};
		72D99A9A1811038C00AB5B9D /* CoopTDTests */ = {
			isa = PBXNativeTarget;
			buildConfigurationList = 72D99AAF1811038C00AB5B9D /* Build configuration list for PBXNativeTarget "CoopTDTests" */;
			buildPhases = (
				72D99A971811038C00AB5B9D /* Sources */,
				72D99A981811038C00AB5B9D /* Frameworks */,
				72D99A991811038C00AB5B9D /* Resources */,
			);
			buildRules = (
			);
			dependencies = (
				72D99AA11811038C00AB5B9D /* PBXTargetDependency */,
			);
			name = CoopTDTests;
			productName = CoopTDTests;
			productReference = 72D99A9B1811038C00AB5B9D /* CoopTDTests.xctest */;
			productType = "com.apple.product-type.bundle.unit-test";
		};
/* End PBXNativeTarget section */

/* Begin PBXProject section */
		72D99A681811038B00AB5B9D /* Project object */ = {
			isa = PBXProject;
			attributes = {
				CLASSPREFIX = TD;
				LastUpgradeCheck = 0500;
				ORGANIZATIONNAME = "Remy Bardou Corp";
				TargetAttributes = {
					72D99A9A1811038C00AB5B9D = {
						TestTargetID = 72D99A6F1811038B00AB5B9D;
					};
				};
			};
			buildConfigurationList = 72D99A6B1811038B00AB5B9D /* Build configuration list for PBXProject "CoopTD" */;
			compatibilityVersion = "Xcode 3.2";
			developmentRegion = English;
			hasScannedForEncodings = 0;
			knownRegions = (
				en,
				Base,
			);
			mainGroup = 72D99A671811038B00AB5B9D;
			productRefGroup = 72D99A711811038C00AB5B9D /* Products */;
			projectDirPath = "";
			projectRoot = "";
			targets = (
				72D99A6F1811038B00AB5B9D /* CoopTD */,
				72D99A9A1811038C00AB5B9D /* CoopTDTests */,
			);
		};
/* End PBXProject section */

/* Begin PBXResourcesBuildPhase section */
		72D99A6E1811038B00AB5B9D /* Resources */ = {
			isa = PBXResourcesBuildPhase;
			buildActionMask = 2147483647;
			files = (
				72A6FEF1181A112C00B74119 /* TileMap.tmx in Resources */,
				44F5472B1813D216000459AB /* yellowButtonActivated@2x.png in Resources */,
				72D99A941811038C00AB5B9D /* Spaceship.png in Resources */,
				72B8AC571824B72F0071D0AE /* Circle_Green.png in Resources */,
				72D99A961811038C00AB5B9D /* Images.xcassets in Resources */,
				4406EFBE181257FE00BA102D /* Demo.tmx in Resources */,
				72B8AC591824B72F0071D0AE /* Circle_Red.png in Resources */,
				4406EFD018125E5B00BA102D /* tmw_desert_spacing.png in Resources */,
				44F547291813D216000459AB /* yellowButton@2x.png in Resources */,
				72D99A891811038C00AB5B9D /* Main.storyboard in Resources */,
				4406EFCF18125E5B00BA102D /* meta_tiles.png in Resources */,
				44F547241813D216000459AB /* redButton.png in Resources */,
				44F5471A1813D20C000459AB /* greenButtonActivated.png in Resources */,
				72B8AC561824B72F0071D0AE /* Circle_Blue.png in Resources */,
				44F547261813D216000459AB /* redButtonActivated.png in Resources */,
				44F547191813D20C000459AB /* greenButton@2x.png in Resources */,
				44F547281813D216000459AB /* yellowButton.png in Resources */,
				72D99A801811038C00AB5B9D /* InfoPlist.strings in Resources */,
				4406EFD518135C8200BA102D /* pikachu-32.png in Resources */,
				44F5472A1813D216000459AB /* yellowButtonActivated.png in Resources */,
				72B8AC581824B72F0071D0AE /* Circle_Orange.png in Resources */,
				44F5471B1813D20C000459AB /* greenButtonActivated@2x.png in Resources */,
				72B8AC5F1824BFB50071D0AE /* Tower-Single-Sprite.png in Resources */,
				4406EFCE18125E5B00BA102D /* cobbleset-64_0.png in Resources */,
				44F547251813D216000459AB /* redButton@2x.png in Resources */,
				4406EFC718125D6700BA102D /* sample.tmx in Resources */,
				44F547271813D216000459AB /* redButtonActivated@2x.png in Resources */,
				44F547181813D20C000459AB /* greenButton.png in Resources */,
			);
			runOnlyForDeploymentPostprocessing = 0;
		};
		72D99A991811038C00AB5B9D /* Resources */ = {
			isa = PBXResourcesBuildPhase;
			buildActionMask = 2147483647;
			files = (
				72D99AA71811038C00AB5B9D /* InfoPlist.strings in Resources */,
			);
			runOnlyForDeploymentPostprocessing = 0;
		};
/* End PBXResourcesBuildPhase section */

/* Begin PBXSourcesBuildPhase section */
		72D99A6C1811038B00AB5B9D /* Sources */ = {
			isa = PBXSourcesBuildPhase;
			buildActionMask = 2147483647;
			files = (
				4406EFD81813614D00BA102D /* TDSpawn.m in Sources */,
				72D99A8F1811038C00AB5B9D /* TDViewController.m in Sources */,
				44F547351814BD20000459AB /* TDMapCache.m in Sources */,
				44F5473D1814C4D8000459AB /* TDMapObject.m in Sources */,
				44862B58181DD01700DE9C1E /* TDPathFinder.m in Sources */,
				72B8AC5D1824BE410071D0AE /* TDBaseBuilding.m in Sources */,
				442967F21815937600BD20BA /* TDCamera.m in Sources */,
				44A8099E1814D4F7007EB6DA /* TDBaseUnitAI.m in Sources */,
				44562FB218296F71004F1098 /* TDBaseBuildingAI.m in Sources */,
				4406EFE31813621F00BA102D /* TDTMXObject.m in Sources */,
				72EAB2CD181E48A2000C8BF4 /* TDGridNode.m in Sources */,
				44F5472E1814AA81000459AB /* TDNewGameScene.m in Sources */,
				4483FF1118280DE000FF4126 /* TDHealthBar.m in Sources */,
				44A434D2182609300094A374 /* TDHudNode.m in Sources */,
				44F5473A1814C486000459AB /* TDArtificialIntelligence.m in Sources */,
				4406EFB51812513900BA102D /* JSTileMap.m in Sources */,
				4406EFD3181271F900BA102D /* TDUnit.m in Sources */,
				4483FF0918276E1100FF4126 /* TDBaseBullet.m in Sources */,
				44F547311814B941000459AB /* TDTiledMap.m in Sources */,
				44F5470E181370AA000459AB /* TDUltimateGoal.m in Sources */,
				72D99A861811038C00AB5B9D /* TDAppDelegate.m in Sources */,
				72A6FEEF181A0EC200B74119 /* TDMapSelectorViewController.m in Sources */,
				4406EFA4181242E100BA102D /* PathFinder.m in Sources */,
				4483FF0D18276E3300FF4126 /* TDArrowBullet.m in Sources */,
				44A434CF1825F0A20094A374 /* TDPlayer.m in Sources */,
				4406EFB8181253D200BA102D /* LFCGzipUtility.m in Sources */,
				44F547121813D047000459AB /* SKButton.m in Sources */,
				4406EFA71812477100BA102D /* TDAssetManager.m in Sources */,
				44F547421814CEE2000459AB /* TDSpawnAI.m in Sources */,
				72D99A821811038C00AB5B9D /* main.m in Sources */,
			);
			runOnlyForDeploymentPostprocessing = 0;
		};
		72D99A971811038C00AB5B9D /* Sources */ = {
			isa = PBXSourcesBuildPhase;
			buildActionMask = 2147483647;
			files = (
				72D99AA91811038C00AB5B9D /* CoopTDTests.m in Sources */,
			);
			runOnlyForDeploymentPostprocessing = 0;
		};
/* End PBXSourcesBuildPhase section */

/* Begin PBXTargetDependency section */
		72D99AA11811038C00AB5B9D /* PBXTargetDependency */ = {
			isa = PBXTargetDependency;
			target = 72D99A6F1811038B00AB5B9D /* CoopTD */;
			targetProxy = 72D99AA01811038C00AB5B9D /* PBXContainerItemProxy */;
		};
/* End PBXTargetDependency section */

/* Begin PBXVariantGroup section */
		72D99A7E1811038C00AB5B9D /* InfoPlist.strings */ = {
			isa = PBXVariantGroup;
			children = (
				72D99A7F1811038C00AB5B9D /* en */,
			);
			name = InfoPlist.strings;
			sourceTree = "<group>";
		};
		72D99A871811038C00AB5B9D /* Main.storyboard */ = {
			isa = PBXVariantGroup;
			children = (
				72D99A881811038C00AB5B9D /* Base */,
			);
			name = Main.storyboard;
			sourceTree = "<group>";
		};
		72D99AA51811038C00AB5B9D /* InfoPlist.strings */ = {
			isa = PBXVariantGroup;
			children = (
				72D99AA61811038C00AB5B9D /* en */,
			);
			name = InfoPlist.strings;
			sourceTree = "<group>";
		};
/* End PBXVariantGroup section */

/* Begin XCBuildConfiguration section */
		72D99AAA1811038C00AB5B9D /* Debug */ = {
			isa = XCBuildConfiguration;
			buildSettings = {
				ALWAYS_SEARCH_USER_PATHS = NO;
				ARCHS = "$(ARCHS_STANDARD_INCLUDING_64_BIT)";
				CLANG_CXX_LANGUAGE_STANDARD = "gnu++0x";
				CLANG_CXX_LIBRARY = "libc++";
				CLANG_ENABLE_MODULES = YES;
				CLANG_ENABLE_OBJC_ARC = YES;
				CLANG_WARN_BOOL_CONVERSION = YES;
				CLANG_WARN_CONSTANT_CONVERSION = YES;
				CLANG_WARN_DIRECT_OBJC_ISA_USAGE = YES_ERROR;
				CLANG_WARN_EMPTY_BODY = YES;
				CLANG_WARN_ENUM_CONVERSION = YES;
				CLANG_WARN_INT_CONVERSION = YES;
				CLANG_WARN_OBJC_ROOT_CLASS = YES_ERROR;
				CLANG_WARN__DUPLICATE_METHOD_MATCH = YES;
				"CODE_SIGN_IDENTITY[sdk=iphoneos*]" = "iPhone Developer";
				COPY_PHASE_STRIP = NO;
				GCC_C_LANGUAGE_STANDARD = gnu99;
				GCC_DYNAMIC_NO_PIC = NO;
				GCC_OPTIMIZATION_LEVEL = 0;
				GCC_PREPROCESSOR_DEFINITIONS = (
					"DEBUG=1",
					"$(inherited)",
				);
				GCC_SYMBOLS_PRIVATE_EXTERN = NO;
				GCC_WARN_64_TO_32_BIT_CONVERSION = YES;
				GCC_WARN_ABOUT_RETURN_TYPE = YES_ERROR;
				GCC_WARN_UNDECLARED_SELECTOR = YES;
				GCC_WARN_UNINITIALIZED_AUTOS = YES;
				GCC_WARN_UNUSED_FUNCTION = YES;
				GCC_WARN_UNUSED_VARIABLE = YES;
				IPHONEOS_DEPLOYMENT_TARGET = 7.0;
				ONLY_ACTIVE_ARCH = YES;
				SDKROOT = iphoneos;
				TARGETED_DEVICE_FAMILY = "1,2";
			};
			name = Debug;
		};
		72D99AAB1811038C00AB5B9D /* Release */ = {
			isa = XCBuildConfiguration;
			buildSettings = {
				ALWAYS_SEARCH_USER_PATHS = NO;
				ARCHS = "$(ARCHS_STANDARD_INCLUDING_64_BIT)";
				CLANG_CXX_LANGUAGE_STANDARD = "gnu++0x";
				CLANG_CXX_LIBRARY = "libc++";
				CLANG_ENABLE_MODULES = YES;
				CLANG_ENABLE_OBJC_ARC = YES;
				CLANG_WARN_BOOL_CONVERSION = YES;
				CLANG_WARN_CONSTANT_CONVERSION = YES;
				CLANG_WARN_DIRECT_OBJC_ISA_USAGE = YES_ERROR;
				CLANG_WARN_EMPTY_BODY = YES;
				CLANG_WARN_ENUM_CONVERSION = YES;
				CLANG_WARN_INT_CONVERSION = YES;
				CLANG_WARN_OBJC_ROOT_CLASS = YES_ERROR;
				CLANG_WARN__DUPLICATE_METHOD_MATCH = YES;
				"CODE_SIGN_IDENTITY[sdk=iphoneos*]" = "iPhone Developer";
				COPY_PHASE_STRIP = YES;
				ENABLE_NS_ASSERTIONS = NO;
				GCC_C_LANGUAGE_STANDARD = gnu99;
				GCC_WARN_64_TO_32_BIT_CONVERSION = YES;
				GCC_WARN_ABOUT_RETURN_TYPE = YES_ERROR;
				GCC_WARN_UNDECLARED_SELECTOR = YES;
				GCC_WARN_UNINITIALIZED_AUTOS = YES;
				GCC_WARN_UNUSED_FUNCTION = YES;
				GCC_WARN_UNUSED_VARIABLE = YES;
				IPHONEOS_DEPLOYMENT_TARGET = 7.0;
				SDKROOT = iphoneos;
				TARGETED_DEVICE_FAMILY = "1,2";
				VALIDATE_PRODUCT = YES;
			};
			name = Release;
		};
		72D99AAD1811038C00AB5B9D /* Debug */ = {
			isa = XCBuildConfiguration;
			buildSettings = {
				ASSETCATALOG_COMPILER_APPICON_NAME = AppIcon;
				ASSETCATALOG_COMPILER_LAUNCHIMAGE_NAME = LaunchImage;
				GCC_PRECOMPILE_PREFIX_HEADER = YES;
				GCC_PREFIX_HEADER = "CoopTD/CoopTD-Prefix.pch";
				INFOPLIST_FILE = "CoopTD/CoopTD-Info.plist";
				PRODUCT_NAME = "$(TARGET_NAME)";
				SPRITEKIT_TEXTURE_ATLAS_OUTPUT = YES;
				WRAPPER_EXTENSION = app;
			};
			name = Debug;
		};
		72D99AAE1811038C00AB5B9D /* Release */ = {
			isa = XCBuildConfiguration;
			buildSettings = {
				ASSETCATALOG_COMPILER_APPICON_NAME = AppIcon;
				ASSETCATALOG_COMPILER_LAUNCHIMAGE_NAME = LaunchImage;
				GCC_PRECOMPILE_PREFIX_HEADER = YES;
				GCC_PREFIX_HEADER = "CoopTD/CoopTD-Prefix.pch";
				INFOPLIST_FILE = "CoopTD/CoopTD-Info.plist";
				PRODUCT_NAME = "$(TARGET_NAME)";
				SPRITEKIT_TEXTURE_ATLAS_OUTPUT = YES;
				WRAPPER_EXTENSION = app;
			};
			name = Release;
		};
		72D99AB01811038C00AB5B9D /* Debug */ = {
			isa = XCBuildConfiguration;
			buildSettings = {
				ARCHS = "$(ARCHS_STANDARD_INCLUDING_64_BIT)";
				BUNDLE_LOADER = "$(BUILT_PRODUCTS_DIR)/CoopTD.app/CoopTD";
				FRAMEWORK_SEARCH_PATHS = (
					"$(SDKROOT)/Developer/Library/Frameworks",
					"$(inherited)",
					"$(DEVELOPER_FRAMEWORKS_DIR)",
				);
				GCC_PRECOMPILE_PREFIX_HEADER = YES;
				GCC_PREFIX_HEADER = "CoopTD/CoopTD-Prefix.pch";
				GCC_PREPROCESSOR_DEFINITIONS = (
					"DEBUG=1",
					"$(inherited)",
				);
				INFOPLIST_FILE = "CoopTDTests/CoopTDTests-Info.plist";
				PRODUCT_NAME = "$(TARGET_NAME)";
				TEST_HOST = "$(BUNDLE_LOADER)";
				WRAPPER_EXTENSION = xctest;
			};
			name = Debug;
		};
		72D99AB11811038C00AB5B9D /* Release */ = {
			isa = XCBuildConfiguration;
			buildSettings = {
				ARCHS = "$(ARCHS_STANDARD_INCLUDING_64_BIT)";
				BUNDLE_LOADER = "$(BUILT_PRODUCTS_DIR)/CoopTD.app/CoopTD";
				FRAMEWORK_SEARCH_PATHS = (
					"$(SDKROOT)/Developer/Library/Frameworks",
					"$(inherited)",
					"$(DEVELOPER_FRAMEWORKS_DIR)",
				);
				GCC_PRECOMPILE_PREFIX_HEADER = YES;
				GCC_PREFIX_HEADER = "CoopTD/CoopTD-Prefix.pch";
				INFOPLIST_FILE = "CoopTDTests/CoopTDTests-Info.plist";
				PRODUCT_NAME = "$(TARGET_NAME)";
				TEST_HOST = "$(BUNDLE_LOADER)";
				WRAPPER_EXTENSION = xctest;
			};
			name = Release;
		};
/* End XCBuildConfiguration section */

/* Begin XCConfigurationList section */
		72D99A6B1811038B00AB5B9D /* Build configuration list for PBXProject "CoopTD" */ = {
			isa = XCConfigurationList;
			buildConfigurations = (
				72D99AAA1811038C00AB5B9D /* Debug */,
				72D99AAB1811038C00AB5B9D /* Release */,
			);
			defaultConfigurationIsVisible = 0;
			defaultConfigurationName = Release;
		};
		72D99AAC1811038C00AB5B9D /* Build configuration list for PBXNativeTarget "CoopTD" */ = {
			isa = XCConfigurationList;
			buildConfigurations = (
				72D99AAD1811038C00AB5B9D /* Debug */,
				72D99AAE1811038C00AB5B9D /* Release */,
			);
			defaultConfigurationIsVisible = 0;
			defaultConfigurationName = Release;
		};
		72D99AAF1811038C00AB5B9D /* Build configuration list for PBXNativeTarget "CoopTDTests" */ = {
			isa = XCConfigurationList;
			buildConfigurations = (
				72D99AB01811038C00AB5B9D /* Debug */,
				72D99AB11811038C00AB5B9D /* Release */,
			);
			defaultConfigurationIsVisible = 0;
			defaultConfigurationName = Release;
		};
/* End XCConfigurationList section */
	};
	rootObject = 72D99A681811038B00AB5B9D /* Project object */;
}
